
Microsoft Visual Studio Solution File, Format Version 12.00
# Visual Studio Version 17
VisualStudioVersion = 17.2.32602.215
MinimumVisualStudioVersion = 10.0.40219.1
Project("{8BC9CEB8-8B4A-11D0-8D11-00A0C91BC942}") = "FallEngine", "FallEngine.vcxproj", "{46F99151-67F1-4E5A-B69E-3CD14706D466}"
EndProject
Global
	GlobalSection(SolutionConfigurationPlatforms) = preSolution
		Debug|x64 = Debug|x64
		Debug|x86 = Debug|x86
		Release|x64 = Release|x64
		Release|x86 = Release|x86
	EndGlobalSection
	GlobalSection(ProjectConfigurationPlatforms) = postSolution
		{46F99151-67F1-4E5A-B69E-3CD14706D466}.Debug|x64.ActiveCfg = Debug|x64
		{46F99151-67F1-4E5A-B69E-3CD14706D466}.Debug|x64.Build.0 = Debug|x64
		{46F99151-67F1-4E5A-B69E-3CD14706D466}.Debug|x86.ActiveCfg = Debug|Win32
		{46F99151-67F1-4E5A-B69E-3CD14706D466}.Debug|x86.Build.0 = Debug|Win32
		{46F99151-67F1-4E5A-B69E-3CD14706D466}.Release|x64.ActiveCfg = Release|x64
		{46F99151-67F1-4E5A-B69E-3CD14706D466}.Release|x64.Build.0 = Release|x64
		{46F99151-67F1-4E5A-B69E-3CD14706D466}.Release|x86.ActiveCfg = Release|Win32
		{46F99151-67F1-4E5A-B69E-3CD14706D466}.Release|x86.Build.0 = Release|Win32
	EndGlobalSection
	GlobalSection(SolutionProperties) = preSolution
		HideSolutionNode = FALSE
	EndGlobalSection
	GlobalSection(ExtensibilityGlobals) = postSolution
		SolutionGuid = {D82867CA-07A4-4FFB-B9D8-C50F4B008DAB}
	EndGlobalSection
EndGlobal
